
Microsoft Visual Studio Solution File, Format Version 12.00
# Visual Studio Version 17
VisualStudioVersion = 17.5.33516.290
MinimumVisualStudioVersion = 10.0.40219.1
Project("{FAE04EC0-301F-11D3-BF4B-00C04F79EFBC}") = "BatallaNaval", "BatallaNaval.csproj", "{7FDDBF87-FCF8-4349-AEE4-20A5606A7424}"
EndProject
Global
	GlobalSection(SolutionConfigurationPlatforms) = preSolution
		Debug|Any CPU = Debug|Any CPU
		Release|Any CPU = Release|Any CPU
	EndGlobalSection
	GlobalSection(ProjectConfigurationPlatforms) = postSolution
		{7FDDBF87-FCF8-4349-AEE4-20A5606A7424}.Debug|Any CPU.ActiveCfg = Debug|Any CPU
		{7FDDBF87-FCF8-4349-AEE4-20A5606A7424}.Debug|Any CPU.Build.0 = Debug|Any CPU
		{7FDDBF87-FCF8-4349-AEE4-20A5606A7424}.Release|Any CPU.ActiveCfg = Release|Any CPU
		{7FDDBF87-FCF8-4349-AEE4-20A5606A7424}.Release|Any CPU.Build.0 = Release|Any CPU
	EndGlobalSection
	GlobalSection(SolutionProperties) = preSolution
		HideSolutionNode = FALSE
	EndGlobalSection
	GlobalSection(ExtensibilityGlobals) = postSolution
		SolutionGuid = {EFED25FE-746A-4910-BBE5-A0FA4F45BEBF}
	EndGlobalSection
EndGlobal
